
Microsoft Visual Studio Solution File, Format Version 12.00
# Visual Studio Version 17
VisualStudioVersion = 17.8.34309.116
MinimumVisualStudioVersion = 10.0.40219.1
Project("{FAE04EC0-301F-11D3-BF4B-00C04F79EFBC}") = "PickRandomCards", "PickRandomCards\PickRandomCards.csproj", "{75078B5D-CB91-450D-87C2-93A1E475FA9A}"
EndProject
Global
	GlobalSection(SolutionConfigurationPlatforms) = preSolution
		Debug|Any CPU = Debug|Any CPU
		Release|Any CPU = Release|Any CPU
	EndGlobalSection
	GlobalSection(ProjectConfigurationPlatforms) = postSolution
		{75078B5D-CB91-450D-87C2-93A1E475FA9A}.Debug|Any CPU.ActiveCfg = Debug|Any CPU
		{75078B5D-CB91-450D-87C2-93A1E475FA9A}.Debug|Any CPU.Build.0 = Debug|Any CPU
		{75078B5D-CB91-450D-87C2-93A1E475FA9A}.Release|Any CPU.ActiveCfg = Release|Any CPU
		{75078B5D-CB91-450D-87C2-93A1E475FA9A}.Release|Any CPU.Build.0 = Release|Any CPU
	EndGlobalSection
	GlobalSection(SolutionProperties) = preSolution
		HideSolutionNode = FALSE
	EndGlobalSection
	GlobalSection(ExtensibilityGlobals) = postSolution
		SolutionGuid = {896BDB4A-18C7-4EA0-99A7-8661CEAF07F9}
	EndGlobalSection
EndGlobal
