
Microsoft Visual Studio Solution File, Format Version 12.00
# Visual Studio Version 17
VisualStudioVersion = 17.8.34309.116
MinimumVisualStudioVersion = 10.0.40219.1
Project("{9A19103F-16F7-4668-BE54-9A1E7A4F7556}") = "OscarDamageCalculator", "OscarDamageCalculator\OscarDamageCalculator.csproj", "{83D1785B-4EED-4E81-B4A0-4E6FD06B83C5}"
EndProject
Project("{9A19103F-16F7-4668-BE54-9A1E7A4F7556}") = "OscarDamageCalculatorUI", "OscarDamageCalculatorUI\OscarDamageCalculatorUI.csproj", "{A8450586-370A-4889-B203-9B2A3D074FC3}"
EndProject
Project("{9A19103F-16F7-4668-BE54-9A1E7A4F7556}") = "HiLo", "HiLo\HiLo.csproj", "{ED0622BC-30F4-4097-805C-D40993EDFBA6}"
EndProject
Project("{9A19103F-16F7-4668-BE54-9A1E7A4F7556}") = "Paintball", "Paintball\Paintball.csproj", "{C359E324-39F8-4BD7-87DE-0BF0D41D8BEC}"
EndProject
Project("{FAE04EC0-301F-11D3-BF4B-00C04F79EFBC}") = "OscarDamageCalculatorHerm", "OscarDamageCalculatorHerm\OscarDamageCalculatorHerm.csproj", "{893ED6DA-EAA9-4E0C-913F-DAFB2B5629E3}"
EndProject
Global
	GlobalSection(SolutionConfigurationPlatforms) = preSolution
		Debug|Any CPU = Debug|Any CPU
		Release|Any CPU = Release|Any CPU
	EndGlobalSection
	GlobalSection(ProjectConfigurationPlatforms) = postSolution
		{83D1785B-4EED-4E81-B4A0-4E6FD06B83C5}.Debug|Any CPU.ActiveCfg = Debug|Any CPU
		{83D1785B-4EED-4E81-B4A0-4E6FD06B83C5}.Debug|Any CPU.Build.0 = Debug|Any CPU
		{83D1785B-4EED-4E81-B4A0-4E6FD06B83C5}.Release|Any CPU.ActiveCfg = Release|Any CPU
		{83D1785B-4EED-4E81-B4A0-4E6FD06B83C5}.Release|Any CPU.Build.0 = Release|Any CPU
		{A8450586-370A-4889-B203-9B2A3D074FC3}.Debug|Any CPU.ActiveCfg = Debug|Any CPU
		{A8450586-370A-4889-B203-9B2A3D074FC3}.Debug|Any CPU.Build.0 = Debug|Any CPU
		{A8450586-370A-4889-B203-9B2A3D074FC3}.Release|Any CPU.ActiveCfg = Release|Any CPU
		{A8450586-370A-4889-B203-9B2A3D074FC3}.Release|Any CPU.Build.0 = Release|Any CPU
		{ED0622BC-30F4-4097-805C-D40993EDFBA6}.Debug|Any CPU.ActiveCfg = Debug|Any CPU
		{ED0622BC-30F4-4097-805C-D40993EDFBA6}.Debug|Any CPU.Build.0 = Debug|Any CPU
		{ED0622BC-30F4-4097-805C-D40993EDFBA6}.Release|Any CPU.ActiveCfg = Release|Any CPU
		{ED0622BC-30F4-4097-805C-D40993EDFBA6}.Release|Any CPU.Build.0 = Release|Any CPU
		{C359E324-39F8-4BD7-87DE-0BF0D41D8BEC}.Debug|Any CPU.ActiveCfg = Debug|Any CPU
		{C359E324-39F8-4BD7-87DE-0BF0D41D8BEC}.Debug|Any CPU.Build.0 = Debug|Any CPU
		{C359E324-39F8-4BD7-87DE-0BF0D41D8BEC}.Release|Any CPU.ActiveCfg = Release|Any CPU
		{C359E324-39F8-4BD7-87DE-0BF0D41D8BEC}.Release|Any CPU.Build.0 = Release|Any CPU
		{893ED6DA-EAA9-4E0C-913F-DAFB2B5629E3}.Debug|Any CPU.ActiveCfg = Debug|Any CPU
		{893ED6DA-EAA9-4E0C-913F-DAFB2B5629E3}.Debug|Any CPU.Build.0 = Debug|Any CPU
		{893ED6DA-EAA9-4E0C-913F-DAFB2B5629E3}.Release|Any CPU.ActiveCfg = Release|Any CPU
		{893ED6DA-EAA9-4E0C-913F-DAFB2B5629E3}.Release|Any CPU.Build.0 = Release|Any CPU
	EndGlobalSection
	GlobalSection(SolutionProperties) = preSolution
		HideSolutionNode = FALSE
	EndGlobalSection
	GlobalSection(ExtensibilityGlobals) = postSolution
		SolutionGuid = {BBF4ABB3-7734-463F-A174-21D8FBBCE42E}
	EndGlobalSection
EndGlobal
